// !$*UTF8*$!
{
	archiveVersion = 1;
	classes = {
	};
	objectVersion = 46;
	objects = {

/* Begin PBXBuildFile section */
		07FF04881C3F1E37009044D2 /* AppDelegate.swift in Sources */ = {isa = PBXBuildFile; fileRef = 07FF04871C3F1E37009044D2 /* AppDelegate.swift */; };
		07FF048A1C3F1E37009044D2 /* ViewController.swift in Sources */ = {isa = PBXBuildFile; fileRef = 07FF04891C3F1E37009044D2 /* ViewController.swift */; };
		07FF048D1C3F1E37009044D2 /* Main.storyboard in Resources */ = {isa = PBXBuildFile; fileRef = 07FF048B1C3F1E37009044D2 /* Main.storyboard */; };
		07FF048F1C3F1E37009044D2 /* Assets.xcassets in Resources */ = {isa = PBXBuildFile; fileRef = 07FF048E1C3F1E37009044D2 /* Assets.xcassets */; };
		07FF04921C3F1E37009044D2 /* LaunchScreen.storyboard in Resources */ = {isa = PBXBuildFile; fileRef = 07FF04901C3F1E37009044D2 /* LaunchScreen.storyboard */; };
		07FF049A1C3F1FF9009044D2 /* Datos.swift in Sources */ = {isa = PBXBuildFile; fileRef = 07FF04991C3F1FF9009044D2 /* Datos.swift */; };
/* End PBXBuildFile section */

/* Begin PBXFileReference section */
		07FF04841C3F1E37009044D2 /* Coursera_Programación_en_Swift.app */ = {isa = PBXFileReference; explicitFileType = wrapper.application; includeInIndex = 0; path = "Coursera_Programación_en_Swift.app"; sourceTree = BUILT_PRODUCTS_DIR; };
		07FF04871C3F1E37009044D2 /* AppDelegate.swift */ = {isa = PBXFileReference; lastKnownFileType = sourcecode.swift; path = AppDelegate.swift; sourceTree = "<group>"; };
		07FF04891C3F1E37009044D2 /* ViewController.swift */ = {isa = PBXFileReference; lastKnownFileType = sourcecode.swift; path = ViewController.swift; sourceTree = "<group>"; };
		07FF048C1C3F1E37009044D2 /* Base */ = {isa = PBXFileReference; lastKnownFileType = file.storyboard; name = Base; path = Base.lproj/Main.storyboard; sourceTree = "<group>"; };
		07FF048E1C3F1E37009044D2 /* Assets.xcassets */ = {isa = PBXFileReference; lastKnownFileType = folder.assetcatalog; path = Assets.xcassets; sourceTree = "<group>"; };
		07FF04911C3F1E37009044D2 /* Base */ = {isa = PBXFileReference; lastKnownFileType = file.storyboard; name = Base; path = Base.lproj/LaunchScreen.storyboard; sourceTree = "<group>"; };
		07FF04931C3F1E37009044D2 /* Info.plist */ = {isa = PBXFileReference; lastKnownFileType = text.plist.xml; path = Info.plist; sourceTree = "<group>"; };
		07FF04991C3F1FF9009044D2 /* Datos.swift */ = {isa = PBXFileReference; fileEncoding = 4; lastKnownFileType = sourcecode.swift; path = Datos.swift; sourceTree = "<group>"; };
/* End PBXFileReference section */

/* Begin PBXFrameworksBuildPhase section */
		07FF04811C3F1E37009044D2 /* Frameworks */ = {
			isa = PBXFrameworksBuildPhase;
			buildActionMask = 2147483647;
			files = (
			);
			runOnlyForDeploymentPostprocessing = 0;
		};
/* End PBXFrameworksBuildPhase section */

/* Begin PBXGroup section */
		07FF047B1C3F1E37009044D2 = {
			isa = PBXGroup;
			children = (
				07FF04861C3F1E37009044D2 /* Coursera_Programación_en_Swift */,
				07FF04851C3F1E37009044D2 /* Products */,
			);
			sourceTree = "<group>";
		};
		07FF04851C3F1E37009044D2 /* Products */ = {
			isa = PBXGroup;
			children = (
				07FF04841C3F1E37009044D2 /* Coursera_Programación_en_Swift.app */,
			);
			name = Products;
			sourceTree = "<group>";
		};
		07FF04861C3F1E37009044D2 /* Coursera_Programación_en_Swift */ = {
			isa = PBXGroup;
			children = (
				07FF04871C3F1E37009044D2 /* AppDelegate.swift */,
				07FF04891C3F1E37009044D2 /* ViewController.swift */,
				07FF048B1C3F1E37009044D2 /* Main.storyboard */,
				07FF048E1C3F1E37009044D2 /* Assets.xcassets */,
				07FF04901C3F1E37009044D2 /* LaunchScreen.storyboard */,
				07FF04931C3F1E37009044D2 /* Info.plist */,
				07FF04991C3F1FF9009044D2 /* Datos.swift */,
			);
			path = "Coursera_Programación_en_Swift";
			sourceTree = "<group>";
		};
/* End PBXGroup section */

/* Begin PBXNativeTarget section */
		07FF04831C3F1E37009044D2 /* Coursera_Programación_en_Swift */ = {
			isa = PBXNativeTarget;
			buildConfigurationList = 07FF04961C3F1E37009044D2 /* Build configuration list for PBXNativeTarget "Coursera_Programación_en_Swift" */;
			buildPhases = (
				07FF04801C3F1E37009044D2 /* Sources */,
				07FF04811C3F1E37009044D2 /* Frameworks */,
				07FF04821C3F1E37009044D2 /* Resources */,
			);
			buildRules = (
			);
			dependencies = (
			);
			name = "Coursera_Programación_en_Swift";
			productName = "Coursera_Programación_en_Swift";
			productReference = 07FF04841C3F1E37009044D2 /* Coursera_Programación_en_Swift.app */;
			productType = "com.apple.product-type.application";
		};
/* End PBXNativeTarget section */

/* Begin PBXProject section */
		07FF047C1C3F1E37009044D2 /* Project object */ = {
			isa = PBXProject;
			attributes = {
				LastSwiftUpdateCheck = 0720;
				LastUpgradeCheck = 0720;
				ORGANIZATIONNAME = "Carlos Sanchez San Segundo";
				TargetAttributes = {
					07FF04831C3F1E37009044D2 = {
						CreatedOnToolsVersion = 7.2;
						DevelopmentTeam = A5UWCAP627;
					};
				};
			};
			buildConfigurationList = 07FF047F1C3F1E37009044D2 /* Build configuration list for PBXProject "Coursera_Programación_en_Swift" */;
			compatibilityVersion = "Xcode 3.2";
			developmentRegion = English;
			hasScannedForEncodings = 0;
			knownRegions = (
				en,
				Base,
			);
			mainGroup = 07FF047B1C3F1E37009044D2;
			productRefGroup = 07FF04851C3F1E37009044D2 /* Products */;
			projectDirPath = "";
			projectRoot = "";
			targets = (
				07FF04831C3F1E37009044D2 /* Coursera_Programación_en_Swift */,
			);
		};
/* End PBXProject section */

/* Begin PBXResourcesBuildPhase section */
		07FF04821C3F1E37009044D2 /* Resources */ = {
			isa = PBXResourcesBuildPhase;
			buildActionMask = 2147483647;
			files = (
				07FF04921C3F1E37009044D2 /* LaunchScreen.storyboard in Resources */,
				07FF048F1C3F1E37009044D2 /* Assets.xcassets in Resources */,
				07FF048D1C3F1E37009044D2 /* Main.storyboard in Resources */,
			);
			runOnlyForDeploymentPostprocessing = 0;
		};
/* End PBXResourcesBuildPhase section */

/* Begin PBXSourcesBuildPhase section */
		07FF04801C3F1E37009044D2 /* Sources */ = {
			isa = PBXSourcesBuildPhase;
			buildActionMask = 2147483647;
			files = (
				07FF048A1C3F1E37009044D2 /* ViewController.swift in Sources */,
				07FF04881C3F1E37009044D2 /* AppDelegate.swift in Sources */,
				07FF049A1C3F1FF9009044D2 /* Datos.swift in Sources */,
			);
			runOnlyForDeploymentPostprocessing = 0;
		};
/* End PBXSourcesBuildPhase section */

/* Begin PBXVariantGroup section */
		07FF048B1C3F1E37009044D2 /* Main.storyboard */ = {
			isa = PBXVariantGroup;
			children = (
				07FF048C1C3F1E37009044D2 /* Base */,
			);
			name = Main.storyboard;
			sourceTree = "<group>";
		};
		07FF04901C3F1E37009044D2 /* LaunchScreen.storyboard */ = {
			isa = PBXVariantGroup;
			children = (
				07FF04911C3F1E37009044D2 /* Base */,
			);
			name = LaunchScreen.storyboard;
			sourceTree = "<group>";
		};
/* End PBXVariantGroup section */

/* Begin XCBuildConfiguration section */
		07FF04941C3F1E37009044D2 /* Debug */ = {
			isa = XCBuildConfiguration;
			buildSettings = {
				ALWAYS_SEARCH_USER_PATHS = NO;
				CLANG_CXX_LANGUAGE_STANDARD = "gnu++0x";
				CLANG_CXX_LIBRARY = "libc++";
				CLANG_ENABLE_MODULES = YES;
				CLANG_ENABLE_OBJC_ARC = YES;
				CLANG_WARN_BOOL_CONVERSION = YES;
				CLANG_WARN_CONSTANT_CONVERSION = YES;
				CLANG_WARN_DIRECT_OBJC_ISA_USAGE = YES_ERROR;
				CLANG_WARN_EMPTY_BODY = YES;
				CLANG_WARN_ENUM_CONVERSION = YES;
				CLANG_WARN_INT_CONVERSION = YES;
				CLANG_WARN_OBJC_ROOT_CLASS = YES_ERROR;
				CLANG_WARN_UNREACHABLE_CODE = YES;
				CLANG_WARN__DUPLICATE_METHOD_MATCH = YES;
				"CODE_SIGN_IDENTITY[sdk=iphoneos*]" = "iPhone Developer";
				COPY_PHASE_STRIP = NO;
				DEBUG_INFORMATION_FORMAT = dwarf;
				ENABLE_STRICT_OBJC_MSGSEND = YES;
				ENABLE_TESTABILITY = YES;
				GCC_C_LANGUAGE_STANDARD = gnu99;
				GCC_DYNAMIC_NO_PIC = NO;
				GCC_NO_COMMON_BLOCKS = YES;
				GCC_OPTIMIZATION_LEVEL = 0;
				GCC_PREPROCESSOR_DEFINITIONS = (
					"DEBUG=1",
					"$(inherited)",
				);
				GCC_WARN_64_TO_32_BIT_CONVERSION = YES;
				GCC_WARN_ABOUT_RETURN_TYPE = YES_ERROR;
				GCC_WARN_UNDECLARED_SELECTOR = YES;
				GCC_WARN_UNINITIALIZED_AUTOS = YES_AGGRESSIVE;
				GCC_WARN_UNUSED_FUNCTION = YES;
				GCC_WARN_UNUSED_VARIABLE = YES;
				IPHONEOS_DEPLOYMENT_TARGET = 9.2;
				MTL_ENABLE_DEBUG_INFO = YES;
				ONLY_ACTIVE_ARCH = YES;
				SDKROOT = iphoneos;
				SWIFT_OPTIMIZATION_LEVEL = "-Onone";
			};
			name = Debug;
		};
		07FF04951C3F1E37009044D2 /* Release */ = {
			isa = XCBuildConfiguration;
			buildSettings = {
				ALWAYS_SEARCH_USER_PATHS = NO;
				CLANG_CXX_LANGUAGE_STANDARD = "gnu++0x";
				CLANG_CXX_LIBRARY = "libc++";
				CLANG_ENABLE_MODULES = YES;
				CLANG_ENABLE_OBJC_ARC = YES;
				CLANG_WARN_BOOL_CONVERSION = YES;
				CLANG_WARN_CONSTANT_CONVERSION = YES;
				CLANG_WARN_DIRECT_OBJC_ISA_USAGE = YES_ERROR;
				CLANG_WARN_EMPTY_BODY = YES;
				CLANG_WARN_ENUM_CONVERSION = YES;
				CLANG_WARN_INT_CONVERSION = YES;
				CLANG_WARN_OBJC_ROOT_CLASS = YES_ERROR;
				CLANG_WARN_UNREACHABLE_CODE = YES;
				CLANG_WARN__DUPLICATE_METHOD_MATCH = YES;
				"CODE_SIGN_IDENTITY[sdk=iphoneos*]" = "iPhone Developer";
				COPY_PHASE_STRIP = NO;
				DEBUG_INFORMATION_FORMAT = "dwarf-with-dsym";
				ENABLE_NS_ASSERTIONS = NO;
				ENABLE_STRICT_OBJC_MSGSEND = YES;
				GCC_C_LANGUAGE_STANDARD = gnu99;
				GCC_NO_COMMON_BLOCKS = YES;
				GCC_WARN_64_TO_32_BIT_CONVERSION = YES;
				GCC_WARN_ABOUT_RETURN_TYPE = YES_ERROR;
				GCC_WARN_UNDECLARED_SELECTOR = YES;
				GCC_WARN_UNINITIALIZED_AUTOS = YES_AGGRESSIVE;
				GCC_WARN_UNUSED_FUNCTION = YES;
				GCC_WARN_UNUSED_VARIABLE = YES;
				IPHONEOS_DEPLOYMENT_TARGET = 9.2;
				MTL_ENABLE_DEBUG_INFO = NO;
				SDKROOT = iphoneos;
				VALIDATE_PRODUCT = YES;
			};
			name = Release;
		};
		07FF04971C3F1E37009044D2 /* Debug */ = {
			isa = XCBuildConfiguration;
			buildSettings = {
				ASSETCATALOG_COMPILER_APPICON_NAME = AppIcon;
				INFOPLIST_FILE = "Coursera_Programación_en_Swift/Info.plist";
				LD_RUNPATH_SEARCH_PATHS = "$(inherited) @executable_path/Frameworks";
				PRODUCT_BUNDLE_IDENTIFIER = "CSS.Coursera-Programacio-n-en-Swift";
				PRODUCT_NAME = "$(TARGET_NAME)";
			};
			name = Debug;
		};
		07FF04981C3F1E37009044D2 /* Release */ = {
			isa = XCBuildConfiguration;
			buildSettings = {
				ASSETCATALOG_COMPILER_APPICON_NAME = AppIcon;
				INFOPLIST_FILE = "Coursera_Programación_en_Swift/Info.plist";
				LD_RUNPATH_SEARCH_PATHS = "$(inherited) @executable_path/Frameworks";
				PRODUCT_BUNDLE_IDENTIFIER = "CSS.Coursera-Programacio-n-en-Swift";
				PRODUCT_NAME = "$(TARGET_NAME)";
			};
			name = Release;
		};
/* End XCBuildConfiguration section */

/* Begin XCConfigurationList section */
		07FF047F1C3F1E37009044D2 /* Build configuration list for PBXProject "Coursera_Programación_en_Swift" */ = {
			isa = XCConfigurationList;
			buildConfigurations = (
				07FF04941C3F1E37009044D2 /* Debug */,
				07FF04951C3F1E37009044D2 /* Release */,
			);
			defaultConfigurationIsVisible = 0;
			defaultConfigurationName = Release;
		};
		07FF04961C3F1E37009044D2 /* Build configuration list for PBXNativeTarget "Coursera_Programación_en_Swift" */ = {
			isa = XCConfigurationList;
			buildConfigurations = (
				07FF04971C3F1E37009044D2 /* Debug */,
				07FF04981C3F1E37009044D2 /* Release */,
			);
			defaultConfigurationIsVisible = 0;
		};
/* End XCConfigurationList section */
	};
	rootObject = 07FF047C1C3F1E37009044D2 /* Project object */;
}
